
Microsoft Visual Studio Solution File, Format Version 12.00
# Visual Studio Version 16
VisualStudioVersion = 16.0.30128.74
MinimumVisualStudioVersion = 10.0.40219.1
Project("{FAE04EC0-301F-11D3-BF4B-00C04F79EFBC}") = "WpfApp1CoursePaint", "WpfApp1CoursePaint\WpfApp1CoursePaint.csproj", "{D3A058E5-E62B-4806-A214-E76362D6DD71}"
EndProject
Global
	GlobalSection(SolutionConfigurationPlatforms) = preSolution
		Debug|Any CPU = Debug|Any CPU
		Release|Any CPU = Release|Any CPU
	EndGlobalSection
	GlobalSection(ProjectConfigurationPlatforms) = postSolution
		{D3A058E5-E62B-4806-A214-E76362D6DD71}.Debug|Any CPU.ActiveCfg = Debug|Any CPU
		{D3A058E5-E62B-4806-A214-E76362D6DD71}.Debug|Any CPU.Build.0 = Debug|Any CPU
		{D3A058E5-E62B-4806-A214-E76362D6DD71}.Release|Any CPU.ActiveCfg = Release|Any CPU
		{D3A058E5-E62B-4806-A214-E76362D6DD71}.Release|Any CPU.Build.0 = Release|Any CPU
	EndGlobalSection
	GlobalSection(SolutionProperties) = preSolution
		HideSolutionNode = FALSE
	EndGlobalSection
	GlobalSection(ExtensibilityGlobals) = postSolution
		SolutionGuid = {C00A05D6-9865-4ABD-989F-70E8375C7983}
	EndGlobalSection
EndGlobal
